
Microsoft Visual Studio Solution File, Format Version 12.00
# Visual Studio Version 17
VisualStudioVersion = 17.11.35312.102
MinimumVisualStudioVersion = 10.0.40219.1
Project("{FAE04EC0-301F-11D3-BF4B-00C04F79EFBC}") = "AccountProvider.Business", "AccountProvider.Business\AccountProvider.Business.csproj", "{333A3D3C-B61F-45A4-8BD0-B13DEACCA88B}"
EndProject
Project("{FAE04EC0-301F-11D3-BF4B-00C04F79EFBC}") = "AccountProvider.Data", "AccountProvider.Data\AccountProvider.Data.csproj", "{90AF9B32-FFC4-45AD-8586-B8FA903EC843}"
EndProject
Project("{FAE04EC0-301F-11D3-BF4B-00C04F79EFBC}") = "AccountProvider.Domain", "AccountProvider.Domain\AccountProvider.Domain.csproj", "{8CA22335-902F-46F7-9FC6-3ADA8FF6755D}"
EndProject
Project("{FAE04EC0-301F-11D3-BF4B-00C04F79EFBC}") = "AccountProvider.Tests", "AccountProvider.Tests\AccountProvider.Tests.csproj", "{DF75B284-F7BD-4905-B352-4823BA97E096}"
EndProject
Project("{FAE04EC0-301F-11D3-BF4B-00C04F79EFBC}") = "AccountProvider.Presentation", "AccountProvider.Presentation\AccountProvider.Presentation.csproj", "{CEDCEA98-1B58-414E-8BD0-436C7C8E2026}"
EndProject
Global
	GlobalSection(SolutionConfigurationPlatforms) = preSolution
		Debug|Any CPU = Debug|Any CPU
		Release|Any CPU = Release|Any CPU
	EndGlobalSection
	GlobalSection(ProjectConfigurationPlatforms) = postSolution
		{333A3D3C-B61F-45A4-8BD0-B13DEACCA88B}.Debug|Any CPU.ActiveCfg = Debug|Any CPU
		{333A3D3C-B61F-45A4-8BD0-B13DEACCA88B}.Debug|Any CPU.Build.0 = Debug|Any CPU
		{333A3D3C-B61F-45A4-8BD0-B13DEACCA88B}.Release|Any CPU.ActiveCfg = Release|Any CPU
		{333A3D3C-B61F-45A4-8BD0-B13DEACCA88B}.Release|Any CPU.Build.0 = Release|Any CPU
		{90AF9B32-FFC4-45AD-8586-B8FA903EC843}.Debug|Any CPU.ActiveCfg = Debug|Any CPU
		{90AF9B32-FFC4-45AD-8586-B8FA903EC843}.Debug|Any CPU.Build.0 = Debug|Any CPU
		{90AF9B32-FFC4-45AD-8586-B8FA903EC843}.Release|Any CPU.ActiveCfg = Release|Any CPU
		{90AF9B32-FFC4-45AD-8586-B8FA903EC843}.Release|Any CPU.Build.0 = Release|Any CPU
		{8CA22335-902F-46F7-9FC6-3ADA8FF6755D}.Debug|Any CPU.ActiveCfg = Debug|Any CPU
		{8CA22335-902F-46F7-9FC6-3ADA8FF6755D}.Debug|Any CPU.Build.0 = Debug|Any CPU
		{8CA22335-902F-46F7-9FC6-3ADA8FF6755D}.Release|Any CPU.ActiveCfg = Release|Any CPU
		{8CA22335-902F-46F7-9FC6-3ADA8FF6755D}.Release|Any CPU.Build.0 = Release|Any CPU
		{DF75B284-F7BD-4905-B352-4823BA97E096}.Debug|Any CPU.ActiveCfg = Debug|Any CPU
		{DF75B284-F7BD-4905-B352-4823BA97E096}.Debug|Any CPU.Build.0 = Debug|Any CPU
		{DF75B284-F7BD-4905-B352-4823BA97E096}.Release|Any CPU.ActiveCfg = Release|Any CPU
		{DF75B284-F7BD-4905-B352-4823BA97E096}.Release|Any CPU.Build.0 = Release|Any CPU
		{CEDCEA98-1B58-414E-8BD0-436C7C8E2026}.Debug|Any CPU.ActiveCfg = Debug|Any CPU
		{CEDCEA98-1B58-414E-8BD0-436C7C8E2026}.Debug|Any CPU.Build.0 = Debug|Any CPU
		{CEDCEA98-1B58-414E-8BD0-436C7C8E2026}.Release|Any CPU.ActiveCfg = Release|Any CPU
		{CEDCEA98-1B58-414E-8BD0-436C7C8E2026}.Release|Any CPU.Build.0 = Release|Any CPU
	EndGlobalSection
	GlobalSection(SolutionProperties) = preSolution
		HideSolutionNode = FALSE
	EndGlobalSection
	GlobalSection(ExtensibilityGlobals) = postSolution
		SolutionGuid = {E8410D77-1BC0-4898-877D-66A23055BABE}
	EndGlobalSection
EndGlobal
